
Microsoft Visual Studio Solution File, Format Version 12.00
# Visual Studio Version 16
VisualStudioVersion = 16.0.29709.97
MinimumVisualStudioVersion = 10.0.40219.1
Project("{FAE04EC0-301F-11D3-BF4B-00C04F79EFBC}") = "BTreeDemonstration", "BTreeDemonstration\BTreeDemonstration.csproj", "{B7725EDD-A8FA-4230-A521-77936352DA61}"
EndProject
Global
	GlobalSection(SolutionConfigurationPlatforms) = preSolution
		Debug|Any CPU = Debug|Any CPU
		Release|Any CPU = Release|Any CPU
	EndGlobalSection
	GlobalSection(ProjectConfigurationPlatforms) = postSolution
		{B7725EDD-A8FA-4230-A521-77936352DA61}.Debug|Any CPU.ActiveCfg = Debug|Any CPU
		{B7725EDD-A8FA-4230-A521-77936352DA61}.Debug|Any CPU.Build.0 = Debug|Any CPU
		{B7725EDD-A8FA-4230-A521-77936352DA61}.Release|Any CPU.ActiveCfg = Release|Any CPU
		{B7725EDD-A8FA-4230-A521-77936352DA61}.Release|Any CPU.Build.0 = Release|Any CPU
	EndGlobalSection
	GlobalSection(SolutionProperties) = preSolution
		HideSolutionNode = FALSE
	EndGlobalSection
	GlobalSection(ExtensibilityGlobals) = postSolution
		SolutionGuid = {85DC6695-FFF6-4D02-A9B4-BA8C5C8ABF18}
	EndGlobalSection
EndGlobal
